PODS:
  - Capacitor (3.4.0):
    - CapacitorCordova
  - CapacitorApp (1.1.1):
    - Capacitor
  - CapacitorCordova (3.4.0)
  - CapacitorHaptics (5.0.6):
    - Capacitor
  - CapacitorInai (0.0.3):
    - Capacitor
    - inai-pod
  - CapacitorKeyboard (1.2.3):
    - Capacitor
  - CapacitorStatusBar (5.0.6):
    - Capacitor
  - inai-pod (0.1.20)

DEPENDENCIES:
  - "Capacitor (from `../../node_modules/@capacitor/ios`)"
  - "CapacitorApp (from `../../node_modules/@capacitor/app`)"
  - "CapacitorCordova (from `../../node_modules/@capacitor/ios`)"
  - "CapacitorHaptics (from `../../node_modules/@capacitor/haptics`)"
  - CapacitorInai (from `../../node_modules/capacitor-inai`)
  - "CapacitorKeyboard (from `../../node_modules/@capacitor/keyboard`)"
  - "CapacitorStatusBar (from `../../node_modules/@capacitor/status-bar`)"

SPEC REPOS:
  trunk:
    - inai-pod

EXTERNAL SOURCES:
  Capacitor:
    :path: "../../node_modules/@capacitor/ios"
  CapacitorApp:
    :path: "../../node_modules/@capacitor/app"
  CapacitorCordova:
    :path: "../../node_modules/@capacitor/ios"
  CapacitorHaptics:
    :path: "../../node_modules/@capacitor/haptics"
  CapacitorInai:
    :path: "../../node_modules/capacitor-inai"
  CapacitorKeyboard:
    :path: "../../node_modules/@capacitor/keyboard"
  CapacitorStatusBar:
    :path: "../../node_modules/@capacitor/status-bar"

SPEC CHECKSUMS:
  Capacitor: 8e3b84d09c7b599d8d19d48ab121320cb7058953
  CapacitorApp: 6539a37b671391147dd0180e1483c051077254bf
  CapacitorCordova: b1af29a04884895a52d00050de49a330a9cece30
  CapacitorHaptics: acb9d1837029e35a81f3f02774a21dc36a50749b
  CapacitorInai: 63a7441da87959af10ac2d0f4e59831d610c2bc0
  CapacitorKeyboard: 353a520309166f6cc26b3aa154a6c46c289aa40e
  CapacitorStatusBar: 8a80d0cf243a98b04e438b368bbbdec935b7864c
  inai-pod: 52421696b8e46e397564116ce991360f2e513d6f

PODFILE CHECKSUM: dde0c1ac292c06af7e756f83e16ea841843f1f11

COCOAPODS: 1.11.3
